
Microsoft Visual Studio Solution File, Format Version 12.00
Project("{FAE04EC0-301F-11D3-BF4B-00C04F79EFBC}") = "ProgrammingTechLesson1-1", "ProgrammingTechLesson1-1\ProgrammingTechLesson1-1.csproj", "{EE5C40F3-EED8-4F8D-81DD-AB979DBB74AA}"
EndProject
Global
	GlobalSection(SolutionConfigurationPlatforms) = preSolution
		Debug|Any CPU = Debug|Any CPU
		Release|Any CPU = Release|Any CPU
	EndGlobalSection
	GlobalSection(ProjectConfigurationPlatforms) = postSolution
		{EE5C40F3-EED8-4F8D-81DD-AB979DBB74AA}.Debug|Any CPU.ActiveCfg = Debug|Any CPU
		{EE5C40F3-EED8-4F8D-81DD-AB979DBB74AA}.Debug|Any CPU.Build.0 = Debug|Any CPU
		{EE5C40F3-EED8-4F8D-81DD-AB979DBB74AA}.Release|Any CPU.ActiveCfg = Release|Any CPU
		{EE5C40F3-EED8-4F8D-81DD-AB979DBB74AA}.Release|Any CPU.Build.0 = Release|Any CPU
	EndGlobalSection
EndGlobal
